
Microsoft Visual Studio Solution File, Format Version 12.00
# Visual Studio Version 17
VisualStudioVersion = 17.8.34309.116
MinimumVisualStudioVersion = 10.0.40219.1
Project("{FAE04EC0-301F-11D3-BF4B-00C04F79EFBC}") = "EntityTutorial", "EntityTutorial\EntityTutorial.csproj", "{954A066A-511D-4432-92F0-E9A569241E79}"
EndProject
Project("{FAE04EC0-301F-11D3-BF4B-00C04F79EFBC}") = "Entity_Models", "Models\Entity_Models.csproj", "{09C2233A-0DE1-448C-8F63-EA875603B545}"
EndProject
Project("{FAE04EC0-301F-11D3-BF4B-00C04F79EFBC}") = "Entity_DataAccess", "DataAccess\Entity_DataAccess.csproj", "{1F4FB395-C491-496D-9025-7C7FC08D5156}"
EndProject
Global
	GlobalSection(SolutionConfigurationPlatforms) = preSolution
		Debug|Any CPU = Debug|Any CPU
		Release|Any CPU = Release|Any CPU
	EndGlobalSection
	GlobalSection(ProjectConfigurationPlatforms) = postSolution
		{954A066A-511D-4432-92F0-E9A569241E79}.Debug|Any CPU.ActiveCfg = Debug|Any CPU
		{954A066A-511D-4432-92F0-E9A569241E79}.Debug|Any CPU.Build.0 = Debug|Any CPU
		{954A066A-511D-4432-92F0-E9A569241E79}.Release|Any CPU.ActiveCfg = Release|Any CPU
		{954A066A-511D-4432-92F0-E9A569241E79}.Release|Any CPU.Build.0 = Release|Any CPU
		{09C2233A-0DE1-448C-8F63-EA875603B545}.Debug|Any CPU.ActiveCfg = Debug|Any CPU
		{09C2233A-0DE1-448C-8F63-EA875603B545}.Debug|Any CPU.Build.0 = Debug|Any CPU
		{09C2233A-0DE1-448C-8F63-EA875603B545}.Release|Any CPU.ActiveCfg = Release|Any CPU
		{09C2233A-0DE1-448C-8F63-EA875603B545}.Release|Any CPU.Build.0 = Release|Any CPU
		{1F4FB395-C491-496D-9025-7C7FC08D5156}.Debug|Any CPU.ActiveCfg = Debug|Any CPU
		{1F4FB395-C491-496D-9025-7C7FC08D5156}.Debug|Any CPU.Build.0 = Debug|Any CPU
		{1F4FB395-C491-496D-9025-7C7FC08D5156}.Release|Any CPU.ActiveCfg = Release|Any CPU
		{1F4FB395-C491-496D-9025-7C7FC08D5156}.Release|Any CPU.Build.0 = Release|Any CPU
	EndGlobalSection
	GlobalSection(SolutionProperties) = preSolution
		HideSolutionNode = FALSE
	EndGlobalSection
	GlobalSection(ExtensibilityGlobals) = postSolution
		SolutionGuid = {40A7D910-54C6-429B-80C9-3479DC519DAC}
	EndGlobalSection
EndGlobal
